
Microsoft Visual Studio Solution File, Format Version 12.00
# Visual Studio Version 17
VisualStudioVersion = 17.4.33403.182
MinimumVisualStudioVersion = 10.0.40219.1
Project("{FAE04EC0-301F-11D3-BF4B-00C04F79EFBC}") = "04_01_Config_EnvironmentVars", "04_01_Config_EnvironmentVars\04_01_Config_EnvironmentVars.csproj", "{8AE44C41-8654-4E57-AAC0-4F70ADDF797C}"
EndProject
Project("{FAE04EC0-301F-11D3-BF4B-00C04F79EFBC}") = "04_02_ConfigClass", "04_02_ConfigClass\04_02_ConfigClass.csproj", "{75A6B27C-678C-4BA2-8BF3-917B7AA275A2}"
EndProject
Project("{FAE04EC0-301F-11D3-BF4B-00C04F79EFBC}") = "04_03_API", "04_03_API\04_03_API.csproj", "{8CCC9D50-E969-4EF5-B399-2C9826D7222A}"
EndProject
Global
	GlobalSection(SolutionConfigurationPlatforms) = preSolution
		Debug|Any CPU = Debug|Any CPU
		Release|Any CPU = Release|Any CPU
	EndGlobalSection
	GlobalSection(ProjectConfigurationPlatforms) = postSolution
		{8AE44C41-8654-4E57-AAC0-4F70ADDF797C}.Debug|Any CPU.ActiveCfg = Debug|Any CPU
		{8AE44C41-8654-4E57-AAC0-4F70ADDF797C}.Debug|Any CPU.Build.0 = Debug|Any CPU
		{8AE44C41-8654-4E57-AAC0-4F70ADDF797C}.Release|Any CPU.ActiveCfg = Release|Any CPU
		{8AE44C41-8654-4E57-AAC0-4F70ADDF797C}.Release|Any CPU.Build.0 = Release|Any CPU
		{75A6B27C-678C-4BA2-8BF3-917B7AA275A2}.Debug|Any CPU.ActiveCfg = Debug|Any CPU
		{75A6B27C-678C-4BA2-8BF3-917B7AA275A2}.Debug|Any CPU.Build.0 = Debug|Any CPU
		{75A6B27C-678C-4BA2-8BF3-917B7AA275A2}.Release|Any CPU.ActiveCfg = Release|Any CPU
		{75A6B27C-678C-4BA2-8BF3-917B7AA275A2}.Release|Any CPU.Build.0 = Release|Any CPU
		{8CCC9D50-E969-4EF5-B399-2C9826D7222A}.Debug|Any CPU.ActiveCfg = Debug|Any CPU
		{8CCC9D50-E969-4EF5-B399-2C9826D7222A}.Debug|Any CPU.Build.0 = Debug|Any CPU
		{8CCC9D50-E969-4EF5-B399-2C9826D7222A}.Release|Any CPU.ActiveCfg = Release|Any CPU
		{8CCC9D50-E969-4EF5-B399-2C9826D7222A}.Release|Any CPU.Build.0 = Release|Any CPU
	EndGlobalSection
	GlobalSection(SolutionProperties) = preSolution
		HideSolutionNode = FALSE
	EndGlobalSection
	GlobalSection(ExtensibilityGlobals) = postSolution
		SolutionGuid = {FE14F769-ACD6-4A57-A50D-A80659DA419A}
	EndGlobalSection
EndGlobal
