
Microsoft Visual Studio Solution File, Format Version 12.00
# Visual Studio Version 17
VisualStudioVersion = 17.4.33213.308
MinimumVisualStudioVersion = 10.0.40219.1
Project("{FAE04EC0-301F-11D3-BF4B-00C04F79EFBC}") = "DI-02", "DI-02\DI-02.csproj", "{312C320F-F494-4E48-B8F5-8E136A901BA4}"
EndProject
Global
	GlobalSection(SolutionConfigurationPlatforms) = preSolution
		Debug|Any CPU = Debug|Any CPU
		Release|Any CPU = Release|Any CPU
	EndGlobalSection
	GlobalSection(ProjectConfigurationPlatforms) = postSolution
		{312C320F-F494-4E48-B8F5-8E136A901BA4}.Debug|Any CPU.ActiveCfg = Debug|Any CPU
		{312C320F-F494-4E48-B8F5-8E136A901BA4}.Debug|Any CPU.Build.0 = Debug|Any CPU
		{312C320F-F494-4E48-B8F5-8E136A901BA4}.Release|Any CPU.ActiveCfg = Release|Any CPU
		{312C320F-F494-4E48-B8F5-8E136A901BA4}.Release|Any CPU.Build.0 = Release|Any CPU
	EndGlobalSection
	GlobalSection(SolutionProperties) = preSolution
		HideSolutionNode = FALSE
	EndGlobalSection
	GlobalSection(ExtensibilityGlobals) = postSolution
		SolutionGuid = {FD697292-66E0-49A7-903F-18463FF4F705}
	EndGlobalSection
EndGlobal
