
Microsoft Visual Studio Solution File, Format Version 12.00
# Visual Studio Version 17
VisualStudioVersion = 17.5.33424.131
MinimumVisualStudioVersion = 10.0.40219.1
Project("{FAE04EC0-301F-11D3-BF4B-00C04F79EFBC}") = "Dominio", "Dominio\Dominio.csproj", "{595338CC-8278-4C61-ADEF-2EAB5219E87F}"
EndProject
Global
	GlobalSection(SolutionConfigurationPlatforms) = preSolution
		Debug|Any CPU = Debug|Any CPU
		Release|Any CPU = Release|Any CPU
	EndGlobalSection
	GlobalSection(ProjectConfigurationPlatforms) = postSolution
		{595338CC-8278-4C61-ADEF-2EAB5219E87F}.Debug|Any CPU.ActiveCfg = Debug|Any CPU
		{595338CC-8278-4C61-ADEF-2EAB5219E87F}.Debug|Any CPU.Build.0 = Debug|Any CPU
		{595338CC-8278-4C61-ADEF-2EAB5219E87F}.Release|Any CPU.ActiveCfg = Release|Any CPU
		{595338CC-8278-4C61-ADEF-2EAB5219E87F}.Release|Any CPU.Build.0 = Release|Any CPU
	EndGlobalSection
	GlobalSection(SolutionProperties) = preSolution
		HideSolutionNode = FALSE
	EndGlobalSection
	GlobalSection(ExtensibilityGlobals) = postSolution
		SolutionGuid = {AC253DF9-567D-46DF-94AC-9673CDD61B47}
	EndGlobalSection
EndGlobal
