
Microsoft Visual Studio Solution File, Format Version 12.00
# Visual Studio Version 17
VisualStudioVersion = 17.4.33213.308
MinimumVisualStudioVersion = 10.0.40219.1
Project("{FAE04EC0-301F-11D3-BF4B-00C04F79EFBC}") = "DI01", "DI01\DI01.csproj", "{73CE4D30-20E9-42DB-B257-FD6DFFB6B5D8}"
EndProject
Global
	GlobalSection(SolutionConfigurationPlatforms) = preSolution
		Debug|Any CPU = Debug|Any CPU
		Release|Any CPU = Release|Any CPU
	EndGlobalSection
	GlobalSection(ProjectConfigurationPlatforms) = postSolution
		{73CE4D30-20E9-42DB-B257-FD6DFFB6B5D8}.Debug|Any CPU.ActiveCfg = Debug|Any CPU
		{73CE4D30-20E9-42DB-B257-FD6DFFB6B5D8}.Debug|Any CPU.Build.0 = Debug|Any CPU
		{73CE4D30-20E9-42DB-B257-FD6DFFB6B5D8}.Release|Any CPU.ActiveCfg = Release|Any CPU
		{73CE4D30-20E9-42DB-B257-FD6DFFB6B5D8}.Release|Any CPU.Build.0 = Release|Any CPU
	EndGlobalSection
	GlobalSection(SolutionProperties) = preSolution
		HideSolutionNode = FALSE
	EndGlobalSection
	GlobalSection(ExtensibilityGlobals) = postSolution
		SolutionGuid = {5E68F2E9-08FB-413C-A642-15F52575A580}
	EndGlobalSection
EndGlobal
