
Microsoft Visual Studio Solution File, Format Version 12.00
# Visual Studio Version 17
VisualStudioVersion = 17.4.33403.182
MinimumVisualStudioVersion = 10.0.40219.1
Project("{9A19103F-16F7-4668-BE54-9A1E7A4F7556}") = "AnemicDomainModels", "AnemicDomainModels\AnemicDomainModels.csproj", "{2563BFFC-2383-4ACF-A123-646F9AFB9240}"
EndProject
Project("{FAE04EC0-301F-11D3-BF4B-00C04F79EFBC}") = "Tests", "Tests\Tests.csproj", "{F9D610A1-8F12-4E9D-A531-E9AE2B18DF15}"
EndProject
Global
	GlobalSection(SolutionConfigurationPlatforms) = preSolution
		Debug|Any CPU = Debug|Any CPU
		Release|Any CPU = Release|Any CPU
	EndGlobalSection
	GlobalSection(ProjectConfigurationPlatforms) = postSolution
		{2563BFFC-2383-4ACF-A123-646F9AFB9240}.Debug|Any CPU.ActiveCfg = Debug|Any CPU
		{2563BFFC-2383-4ACF-A123-646F9AFB9240}.Debug|Any CPU.Build.0 = Debug|Any CPU
		{2563BFFC-2383-4ACF-A123-646F9AFB9240}.Release|Any CPU.ActiveCfg = Release|Any CPU
		{2563BFFC-2383-4ACF-A123-646F9AFB9240}.Release|Any CPU.Build.0 = Release|Any CPU
		{F9D610A1-8F12-4E9D-A531-E9AE2B18DF15}.Debug|Any CPU.ActiveCfg = Debug|Any CPU
		{F9D610A1-8F12-4E9D-A531-E9AE2B18DF15}.Debug|Any CPU.Build.0 = Debug|Any CPU
		{F9D610A1-8F12-4E9D-A531-E9AE2B18DF15}.Release|Any CPU.ActiveCfg = Release|Any CPU
		{F9D610A1-8F12-4E9D-A531-E9AE2B18DF15}.Release|Any CPU.Build.0 = Release|Any CPU
	EndGlobalSection
	GlobalSection(SolutionProperties) = preSolution
		HideSolutionNode = FALSE
	EndGlobalSection
	GlobalSection(ExtensibilityGlobals) = postSolution
		SolutionGuid = {137D6886-F7B1-49AD-B3B9-E4A64581FE5E}
	EndGlobalSection
EndGlobal
