
Microsoft Visual Studio Solution File, Format Version 12.00
Project("{FAE04EC0-301F-11D3-BF4B-00C04F79EFBC}") = "API", "API\API.csproj", "{DED14D00-2B32-4CA8-8C4C-464514EA977E}"
EndProject
Global
	GlobalSection(SolutionConfigurationPlatforms) = preSolution
		Debug|Any CPU = Debug|Any CPU
		Release|Any CPU = Release|Any CPU
	EndGlobalSection
	GlobalSection(ProjectConfigurationPlatforms) = postSolution
		{DED14D00-2B32-4CA8-8C4C-464514EA977E}.Debug|Any CPU.ActiveCfg = Debug|Any CPU
		{DED14D00-2B32-4CA8-8C4C-464514EA977E}.Debug|Any CPU.Build.0 = Debug|Any CPU
		{DED14D00-2B32-4CA8-8C4C-464514EA977E}.Release|Any CPU.ActiveCfg = Release|Any CPU
		{DED14D00-2B32-4CA8-8C4C-464514EA977E}.Release|Any CPU.Build.0 = Release|Any CPU
	EndGlobalSection
EndGlobal
